# This file is autogenerated, do not edit; changes may be undone by the next 'dep ensure'.


[[projects]]
  branch = "master"
  digest = "1:05756b73bf7eae03d6f6c5f0ae83de42ce296e7d83336563dd9ce2072106d5e6"
  name = "github.com/cloudflare/golz4"
  packages = ["."]
  pruneopts = "UT"
  revision = "ef862a3cdc58a6f1fee4e3af3d44fbe279194cde"

[[projects]]
  branch = "master"
  digest = "1:1ba1d79f2810270045c328ae5d674321db34e3aae468eb4233883b473c5c0467"
  name = "github.com/golang/glog"
  packages = ["."]
  pruneopts = "UT"
  revision = "23def4e6c14b4da8ac2ed8007337bc5eb5007998"

[[projects]]
  branch = "master"
  digest = "1:bda9fd2537546dcd3afc269253945c52f07f72404f9d8ae1f4ac160d8963a083"
  name = "github.com/kshvakov/clickhouse"
  packages = [
    ".",
    "lib/binary",
    "lib/cityhash102",
    "lib/column",
    "lib/data",
    "lib/leakypool",
    "lib/lz4",
    "lib/protocol",
    "lib/types",
    "lib/writebuffer",
  ]
  pruneopts = "UT"
  revision = "e6e0ffadd2cc27288e19b21b043b36c0dc68793d"

[[projects]]
  digest = "1:808cdddf087fb64baeae67b8dfaee2069034d9704923a3cb8bd96a995421a625"
  name = "github.com/patrickmn/go-cache"
  packages = ["."]
  pruneopts = "UT"
  revision = "a3647f8e31d79543b2d0f0ae2fe5c379d72cedc0"
  version = "v2.1.0"

[[projects]]
  branch = "master"
  digest = "1:5953d6e587de25d45aeaeb0fbe8af592b89450f6e3d470ebf8dad31471915bd9"
  name = "github.com/ua-parser/uap-go"
  packages = ["uaparser"]
  pruneopts = "UT"
  revision = "1004ccd816b3064bcd9178bd9e9b684e4a4a942f"

[[projects]]
  digest = "1:0e2384e743a5fba9c3d872bc972363608b6498f71125dcf93fc52aa28e569182"
  name = "gopkg.in/mcuadros/go-syslog.v2"
  packages = [
    ".",
    "format",
    "internal/syslogparser",
    "internal/syslogparser/rfc3164",
    "internal/syslogparser/rfc5424",
  ]
  pruneopts = "UT"
  revision = "9cf13b7327c0e153da3cba3540c2ae2b879c3859"
  version = "v2.2.1"

[[projects]]
  digest = "1:4d2e5a73dc1500038e504a8d78b986630e3626dc027bc030ba5c75da257cdb96"
  name = "gopkg.in/yaml.v2"
  packages = ["."]
  pruneopts = "UT"
  revision = "51d6538a90f86fe93ac480b35f37b2be17fef232"
  version = "v2.2.2"

[solve-meta]
  analyzer-name = "dep"
  analyzer-version = 1
  input-imports = [
    "github.com/golang/glog",
    "github.com/kshvakov/clickhouse",
    "github.com/kshvakov/clickhouse/lib/data",
    "github.com/patrickmn/go-cache",
    "github.com/ua-parser/uap-go/uaparser",
    "gopkg.in/mcuadros/go-syslog.v2",
    "gopkg.in/mcuadros/go-syslog.v2/format",
  ]
  solver-name = "gps-cdcl"
  solver-version = 1
